
Microsoft Visual Studio Solution File, Format Version 12.00
# Visual Studio 15
VisualStudioVersion = 15.0.28307.705
MinimumVisualStudioVersion = 10.0.40219.1
Project("{8BC9CEB8-8B4A-11D0-8D11-00A0C91BC942}") = "CGI Project", "CGI Project\CGI Project.vcxproj", "{01F252CF-F0DF-450A-A41A-17282FFF75A7}"
EndProject
Global
	GlobalSection(SolutionConfigurationPlatforms) = preSolution
		Debug|x64 = Debug|x64
		Debug|x86 = Debug|x86
		Release|x64 = Release|x64
		Release|x86 = Release|x86
	EndGlobalSection
	GlobalSection(ProjectConfigurationPlatforms) = postSolution
		{01F252CF-F0DF-450A-A41A-17282FFF75A7}.Debug|x64.ActiveCfg = Debug|x64
		{01F252CF-F0DF-450A-A41A-17282FFF75A7}.Debug|x64.Build.0 = Debug|x64
		{01F252CF-F0DF-450A-A41A-17282FFF75A7}.Debug|x86.ActiveCfg = Debug|Win32
		{01F252CF-F0DF-450A-A41A-17282FFF75A7}.Debug|x86.Build.0 = Debug|Win32
		{01F252CF-F0DF-450A-A41A-17282FFF75A7}.Release|x64.ActiveCfg = Release|x64
		{01F252CF-F0DF-450A-A41A-17282FFF75A7}.Release|x64.Build.0 = Release|x64
		{01F252CF-F0DF-450A-A41A-17282FFF75A7}.Release|x86.ActiveCfg = Release|Win32
		{01F252CF-F0DF-450A-A41A-17282FFF75A7}.Release|x86.Build.0 = Release|Win32
	EndGlobalSection
	GlobalSection(SolutionProperties) = preSolution
		HideSolutionNode = FALSE
	EndGlobalSection
	GlobalSection(ExtensibilityGlobals) = postSolution
		SolutionGuid = {B9183519-83C7-41FC-8764-B1D343BADA41}
	EndGlobalSection
EndGlobal
